{
  "name": "test",
  "lockfileVersion": 2,
  "requires": true,
  "packages": {
    "": {
      "dependencies": {
        "magicbell-js": "^1.5.0"
      }
    },
    "node_modules/magicbell-js": {
      "version": "1.5.0",
      "resolved": "https://registry.npmjs.org/magicbell-js/-/magicbell-js-1.5.0.tgz",
      "integrity": "sha512-y/2xLyO8CuQ/ow3paFc32tXPCB2hGU9jaVKzD2HVnEj+vYwPdjjFBq3x8RXx0IeeiSYMQgiCrxiGb1GSrbxc/Q==",
      "dependencies": {
        "zod": "3.22.0"
      }
    },
    "node_modules/zod": {
      "version": "3.22.0",
      "resolved": "https://registry.npmjs.org/zod/-/zod-3.22.0.tgz",
      "integrity": "sha512-y5KZY/ssf5n7hCGDGGtcJO/EBJEm5Pa+QQvFBeyMOtnFYOSflalxIFFvdaYevPhePcmcKC4aTbFkCcXN7D0O8Q==",
      "funding": {
        "url": "https://github.com/sponsors/colinhacks"
      }
    }
  },
  "dependencies": {
    "magicbell-js": {
      "version": "1.5.0",
      "resolved": "https://registry.npmjs.org/magicbell-js/-/magicbell-js-1.5.0.tgz",
      "integrity": "sha512-y/2xLyO8CuQ/ow3paFc32tXPCB2hGU9jaVKzD2HVnEj+vYwPdjjFBq3x8RXx0IeeiSYMQgiCrxiGb1GSrbxc/Q==",
      "requires": {
        "zod": "3.22.0"
      }
    },
    "zod": {
      "version": "3.22.0",
      "resolved": "https://registry.npmjs.org/zod/-/zod-3.22.0.tgz",
      "integrity": "sha512-y5KZY/ssf5n7hCGDGGtcJO/EBJEm5Pa+QQvFBeyMOtnFYOSflalxIFFvdaYevPhePcmcKC4aTbFkCcXN7D0O8Q=="
    }
  }
}